github.com/BurntSushi/xgb v0.0.0-20201008132610-5f9e7b3c49cd h1:u7K2oMFMd8APDV3fM1j2rO3U/XJf1g1qC3DDTKou8iM=
github.com/BurntSushi/xgb v0.0.0-20201008132610-5f9e7b3c49cd/go.mod h1:IVnqGOEym/WlBOVXweHU+Q+/VP0lqqI8lqeDx9IjBqo=
github.com/jezek/xgb v0.0.0-20201008134712-45a5425185f4 h1:l6Uxk6j32P10m1pjb0ct3sZ/KZRXkDF9e4MGtlsOzNQ=
github.com/jezek/xgb v0.0.0-20201008134712-45a5425185f4/go.mod h1:3P4UH/k22rXyHIJD2w4h2XMqPX4Of/eySEZq9L6wqc4=
